{
  "name": "@shapeshift-labs/frontier-realtime-websocket",
  "version": "0.1.0",
  "lockfileVersion": 3,
  "requires": true,
  "packages": {
    "": {
      "name": "@shapeshift-labs/frontier-realtime-websocket",
      "version": "0.1.0",
      "license": "MIT",
      "dependencies": {
        "@shapeshift-labs/frontier-realtime": "0.1.0",
        "ws": "^8.21.0"
      },
      "devDependencies": {
        "@types/node": "^24.10.1",
        "@types/ws": "^8.18.1",
        "typescript": "^6.0.3"
      },
      "engines": {
        "node": ">=18"
      }
    },
    "../frontier": {
      "name": "@shapeshift-labs/frontier",
      "version": "0.1.8",
      "extraneous": true,
      "license": "MIT",
      "devDependencies": {
        "typescript": "^6.0.3"
      },
      "engines": {
        "node": ">=18"
      }
    },
    "../frontier-codec-standalone": {
      "name": "@shapeshift-labs/frontier-codec",
      "version": "0.1.4",
      "extraneous": true,
      "license": "MIT",
      "dependencies": {
        "@shapeshift-labs/frontier": "0.1.8"
      },
      "devDependencies": {
        "typescript": "^6.0.3"
      },
      "engines": {
        "node": ">=18"
      }
    },
    "../frontier-crdt-websocket/node_modules/@types/node": {
      "version": "24.12.4",
      "dev": true,
      "license": "MIT",
      "dependencies": {
        "undici-types": "~7.16.0"
      }
    },
    "../frontier-crdt-websocket/node_modules/@types/ws": {
      "version": "8.18.1",
      "dev": true,
      "license": "MIT",
      "dependencies": {
        "@types/node": "*"
      }
    },
    "../frontier-crdt-websocket/node_modules/undici-types": {
      "version": "7.16.0",
      "extraneous": true,
      "license": "MIT"
    },
    "../frontier-crdt-websocket/node_modules/ws": {
      "version": "8.21.0",
      "license": "MIT",
      "devDependencies": {
        "@eslint/js": "^10.0.1",
        "benchmark": "^2.1.4",
        "bufferutil": "^4.0.1",
        "eslint": "^10.0.1",
        "eslint-config-prettier": "^10.0.1",
        "eslint-plugin-prettier": "^5.0.0",
        "globals": "^17.0.0",
        "mocha": "^8.4.0",
        "nyc": "^15.0.0",
        "prettier": "^3.0.0",
        "utf-8-validate": "^6.0.0"
      },
      "engines": {
        "node": ">=10.0.0"
      },
      "peerDependencies": {
        "bufferutil": "^4.0.1",
        "utf-8-validate": ">=5.0.2"
      },
      "peerDependenciesMeta": {
        "bufferutil": {
          "optional": true
        },
        "utf-8-validate": {
          "optional": true
        }
      }
    },
    "../frontier-event-log": {
      "name": "@shapeshift-labs/frontier-event-log",
      "version": "0.1.2",
      "extraneous": true,
      "license": "MIT",
      "dependencies": {
        "@shapeshift-labs/frontier": "0.1.8"
      },
      "devDependencies": {
        "typescript": "^6.0.3"
      },
      "engines": {
        "node": ">=18"
      }
    },
    "../frontier-realtime": {
      "name": "@shapeshift-labs/frontier-realtime",
      "version": "0.1.0",
      "license": "MIT",
      "devDependencies": {
        "typescript": "^6.0.3"
      },
      "engines": {
        "node": ">=18"
      },
      "peerDependencies": {
        "@shapeshift-labs/frontier": "0.1.9",
        "@shapeshift-labs/frontier-codec": "0.1.4"
      },
      "peerDependenciesMeta": {
        "@shapeshift-labs/frontier": {
          "optional": true
        },
        "@shapeshift-labs/frontier-codec": {
          "optional": true
        }
      }
    },
    "../frontier-realtime-server": {
      "name": "@shapeshift-labs/frontier-realtime-server",
      "version": "0.1.0",
      "extraneous": true,
      "license": "MIT",
      "dependencies": {
        "@shapeshift-labs/frontier-realtime": "0.1.0"
      },
      "devDependencies": {
        "typescript": "^6.0.3"
      },
      "engines": {
        "node": ">=18"
      },
      "peerDependencies": {
        "@shapeshift-labs/frontier-event-log": "0.1.2"
      },
      "peerDependenciesMeta": {
        "@shapeshift-labs/frontier-event-log": {
          "optional": true
        }
      }
    },
    "../frontier-realtime/node_modules/typescript": {
      "version": "6.0.3",
      "dev": true,
      "license": "Apache-2.0",
      "bin": {
        "tsc": "bin/tsc",
        "tsserver": "bin/tsserver"
      },
      "engines": {
        "node": ">=14.17"
      }
    },
    "node_modules/@shapeshift-labs/frontier-realtime": {
      "resolved": "../frontier-realtime",
      "link": true
    },
    "node_modules/@types/node": {
      "resolved": "../frontier-crdt-websocket/node_modules/@types/node",
      "link": true
    },
    "node_modules/@types/ws": {
      "resolved": "../frontier-crdt-websocket/node_modules/@types/ws",
      "link": true
    },
    "node_modules/typescript": {
      "version": "6.0.3",
      "resolved": "https://registry.npmjs.org/typescript/-/typescript-6.0.3.tgz",
      "integrity": "sha512-y2TvuxSZPDyQakkFRPZHKFm+KKVqIisdg9/CZwm9ftvKXLP8NRWj38/ODjNbr43SsoXqNuAisEf1GdCxqWcdBw==",
      "dev": true,
      "license": "Apache-2.0",
      "bin": {
        "tsc": "bin/tsc",
        "tsserver": "bin/tsserver"
      },
      "engines": {
        "node": ">=14.17"
      }
    },
    "node_modules/ws": {
      "resolved": "../frontier-crdt-websocket/node_modules/ws",
      "link": true
    }
  }
}
